{
  "version": 4,
  "terraform_version": "1.2.1",
  "serial": 97,
  "lineage": "5eba7728-416c-cb1c-ea53-3b4430a173bb",
  "outputs": {
    "return-kms_key_id": {
      "value": "arn:aws:kms:ap-southeast-1:327143400501:key/d4d1e3db-1893-4a70-8f2c-e0f546c196ba",
      "type": "string"
    }
  },
  "resources": [
    {
      "module": "module.aurora",
      "mode": "managed",
      "type": "aws_rds_cluster",
      "name": "create_primary_cluster",
      "provider": "provider[\"registry.terraform.io/hashicorp/aws\"]",
      "instances": [
        {
          "schema_version": 0,
          "attributes": {
            "allocated_storage": 1,
            "allow_major_version_upgrade": null,
            "apply_immediately": null,
            "arn": "arn:aws:rds:ap-southeast-1:327143400501:cluster:testtestsys-db-test4",
            "availability_zones": [
              "ap-southeast-1a",
              "ap-southeast-1b",
              "ap-southeast-1c"
            ],
            "backtrack_window": 0,
            "backup_retention_period": 1,
            "cluster_identifier": "testtestsys-db-test4",
            "cluster_identifier_prefix": null,
            "cluster_members": [
              "testtestsys-db-test-primary-4"
            ],
            "cluster_resource_id": "cluster-KKV6X3NILBGJ3GVINBQBDQZENQ",
            "copy_tags_to_snapshot": false,
            "database_name": "cxy_testtestsys_db",
            "db_cluster_instance_class": "",
            "db_cluster_parameter_group_name": "default.aurora-postgresql13",
            "db_instance_parameter_group_name": null,
            "db_subnet_group_name": "cxy-terraform-created-subnet-group",
            "deletion_protection": false,
            "enable_global_write_forwarding": false,
            "enable_http_endpoint": false,
            "enabled_cloudwatch_logs_exports": [],
            "endpoint": "testtestsys-db-test4.cluster-ccxeq5meabg4.ap-southeast-1.rds.amazonaws.com",
            "engine": "aurora-postgresql",
            "engine_mode": "provisioned",
            "engine_version": "13.6",
            "engine_version_actual": "13.6",
            "final_snapshot_identifier": null,
            "global_cluster_identifier": "",
            "hosted_zone_id": "Z2G0U3KFCY8NZ5",
            "iam_database_authentication_enabled": false,
            "iam_roles": [],
            "id": "testtestsys-db-test4",
            "iops": 0,
            "kms_key_id": "arn:aws:kms:ap-southeast-1:327143400501:key/d4d1e3db-1893-4a70-8f2c-e0f546c196ba",
            "master_password": "Testtest-password123",
            "master_username": "hdb_aurora_db_user",
            "port": 5432,
            "preferred_backup_window": "18:30-19:00",
            "preferred_maintenance_window": "sun:14:35-sun:15:05",
            "reader_endpoint": "testtestsys-db-test4.cluster-ro-ccxeq5meabg4.ap-southeast-1.rds.amazonaws.com",
            "replication_source_identifier": "",
            "restore_to_point_in_time": [],
            "s3_import": [],
            "scaling_configuration": [],
            "serverlessv2_scaling_configuration": [
              {
                "max_capacity": 1,
                "min_capacity": 0.5
              }
            ],
            "skip_final_snapshot": true,
            "snapshot_identifier": null,
            "source_region": null,
            "storage_encrypted": true,
            "storage_type": "",
            "tags": {},
            "tags_all": {},
            "timeouts": null,
            "vpc_security_group_ids": [
              "sg-08c4e58645d8a6455"
            ]
          },
          "sensitive_attributes": [],
          "private": "eyJlMmJmYjczMC1lY2FhLTExZTYtOGY4OC0zNDM2M2JjN2M0YzAiOnsiY3JlYXRlIjo3MjAwMDAwMDAwMDAwLCJkZWxldGUiOjcyMDAwMDAwMDAwMDAsInVwZGF0ZSI6NzIwMDAwMDAwMDAwMH19",
          "dependencies": [
            "module.kms.aws_kms_key.create_kms_key"
          ]
        }
      ]
    },
    {
      "module": "module.aurora",
      "mode": "managed",
      "type": "aws_rds_cluster_instance",
      "name": "create_primary_instance_in_cluster",
      "provider": "provider[\"registry.terraform.io/hashicorp/aws\"]",
      "instances": [
        {
          "schema_version": 0,
          "attributes": {
            "apply_immediately": null,
            "arn": "arn:aws:rds:ap-southeast-1:327143400501:db:testtestsys-db-test-primary-4",
            "auto_minor_version_upgrade": true,
            "availability_zone": "ap-southeast-1a",
            "ca_cert_identifier": "rds-ca-2019",
            "cluster_identifier": "testtestsys-db-test4",
            "copy_tags_to_snapshot": false,
            "db_parameter_group_name": "default.aurora-postgresql13",
            "db_subnet_group_name": "cxy-terraform-created-subnet-group",
            "dbi_resource_id": "db-5NAFJOI2KTYRG42KRY6POMHZ54",
            "endpoint": "testtestsys-db-test-primary-4.ccxeq5meabg4.ap-southeast-1.rds.amazonaws.com",
            "engine": "aurora-postgresql",
            "engine_version": "13.6",
            "engine_version_actual": "13.6",
            "id": "testtestsys-db-test-primary-4",
            "identifier": "testtestsys-db-test-primary-4",
            "identifier_prefix": null,
            "instance_class": "db.serverless",
            "kms_key_id": "arn:aws:kms:ap-southeast-1:327143400501:key/d4d1e3db-1893-4a70-8f2c-e0f546c196ba",
            "monitoring_interval": 0,
            "monitoring_role_arn": "",
            "performance_insights_enabled": false,
            "performance_insights_kms_key_id": "",
            "performance_insights_retention_period": 0,
            "port": 5432,
            "preferred_backup_window": "18:30-19:00",
            "preferred_maintenance_window": "thu:15:48-thu:16:18",
            "promotion_tier": 0,
            "publicly_accessible": false,
            "storage_encrypted": true,
            "tags": {},
            "tags_all": {},
            "timeouts": null,
            "writer": true
          },
          "sensitive_attributes": [],
          "private": "eyJlMmJmYjczMC1lY2FhLTExZTYtOGY4OC0zNDM2M2JjN2M0YzAiOnsiY3JlYXRlIjo1NDAwMDAwMDAwMDAwLCJkZWxldGUiOjU0MDAwMDAwMDAwMDAsInVwZGF0ZSI6NTQwMDAwMDAwMDAwMH19",
          "dependencies": [
            "module.aurora.aws_rds_cluster.create_primary_cluster",
            "module.kms.aws_kms_key.create_kms_key",
            "module.kms.data.aws_iam_policy_document.key-testtestsys-access-policy"
          ]
        }
      ]
    },
    {
      "module": "module.kms",
      "mode": "data",
      "type": "aws_iam_policy_document",
      "name": "key-testtestsys-access-policy",
      "provider": "provider[\"registry.terraform.io/hashicorp/aws\"]",
      "instances": [
        {
          "schema_version": 0,
          "attributes": {
            "id": "3434789788",
            "json": "{\n  \"Version\": \"2012-10-17\",\n  \"Statement\": [\n    {\n      \"Sid\": \"Enable Cloud Admin Permissions\",\n      \"Effect\": \"Allow\",\n      \"Action\": \"kms:*\",\n      \"Resource\": \"*\",\n      \"Principal\": {\n        \"AWS\": \"arn:aws:iam::327143400501:user/terraform-iam-user3\"\n      }\n    },\n    {\n      \"Sid\": \"Enable Cloud Admin Permissions hi\",\n      \"Effect\": \"Allow\",\n      \"Action\": \"kms:*\",\n      \"Resource\": \"*\",\n      \"Principal\": {\n        \"Service\": \"rds.amazonaws.com\"\n      }\n    }\n  ]\n}",
            "override_json": null,
            "override_policy_documents": null,
            "policy_id": null,
            "source_json": null,
            "source_policy_documents": null,
            "statement": [
              {
                "actions": [
                  "kms:*"
                ],
                "condition": [],
                "effect": "Allow",
                "not_actions": [],
                "not_principals": [],
                "not_resources": [],
                "principals": [
                  {
                    "identifiers": [
                      "arn:aws:iam::327143400501:user/terraform-iam-user3"
                    ],
                    "type": "AWS"
                  }
                ],
                "resources": [
                  "*"
                ],
                "sid": "Enable Cloud Admin Permissions"
              },
              {
                "actions": [
                  "kms:*"
                ],
                "condition": [],
                "effect": "Allow",
                "not_actions": [],
                "not_principals": [],
                "not_resources": [],
                "principals": [
                  {
                    "identifiers": [
                      "rds.amazonaws.com"
                    ],
                    "type": "Service"
                  }
                ],
                "resources": [
                  "*"
                ],
                "sid": "Enable Cloud Admin Permissions hi"
              }
            ],
            "version": "2012-10-17"
          },
          "sensitive_attributes": []
        }
      ]
    },
    {
      "module": "module.kms",
      "mode": "managed",
      "type": "aws_kms_alias",
      "name": "key-testtestsys-s3-terraform-state-alias",
      "provider": "provider[\"registry.terraform.io/hashicorp/aws\"]",
      "instances": [
        {
          "schema_version": 0,
          "attributes": {
            "arn": "arn:aws:kms:ap-southeast-1:327143400501:alias/this-terraform-created-key2",
            "id": "alias/this-terraform-created-key2",
            "name": "alias/this-terraform-created-key2",
            "name_prefix": "",
            "target_key_arn": "arn:aws:kms:ap-southeast-1:327143400501:key/d4d1e3db-1893-4a70-8f2c-e0f546c196ba",
            "target_key_id": "d4d1e3db-1893-4a70-8f2c-e0f546c196ba"
          },
          "sensitive_attributes": [],
          "private": "bnVsbA==",
          "dependencies": [
            "module.kms.aws_kms_key.create_kms_key",
            "module.kms.data.aws_iam_policy_document.key-testtestsys-access-policy"
          ]
        }
      ]
    },
    {
      "module": "module.kms",
      "mode": "managed",
      "type": "aws_kms_key",
      "name": "create_kms_key",
      "provider": "provider[\"registry.terraform.io/hashicorp/aws\"]",
      "instances": [
        {
          "schema_version": 0,
          "attributes": {
            "arn": "arn:aws:kms:ap-southeast-1:327143400501:key/d4d1e3db-1893-4a70-8f2c-e0f546c196ba",
            "bypass_policy_lockout_safety_check": false,
            "customer_master_key_spec": "SYMMETRIC_DEFAULT",
            "deletion_window_in_days": 7,
            "description": "This key is used to encrypt S3 Bucket used to store the Terraform State",
            "enable_key_rotation": false,
            "id": "d4d1e3db-1893-4a70-8f2c-e0f546c196ba",
            "is_enabled": true,
            "key_id": "d4d1e3db-1893-4a70-8f2c-e0f546c196ba",
            "key_usage": "ENCRYPT_DECRYPT",
            "multi_region": false,
            "policy": "{\n  \"Version\": \"2012-10-17\",\n  \"Statement\": [\n    {\n      \"Sid\": \"Enable Cloud Admin Permissions\",\n      \"Effect\": \"Allow\",\n      \"Action\": \"kms:*\",\n      \"Resource\": \"*\",\n      \"Principal\": {\n        \"AWS\": \"arn:aws:iam::327143400501:user/terraform-iam-user3\"\n      }\n    },\n    {\n      \"Sid\": \"Enable Cloud Admin Permissions hi\",\n      \"Effect\": \"Allow\",\n      \"Action\": \"kms:*\",\n      \"Resource\": \"*\",\n      \"Principal\": {\n        \"Service\": \"rds.amazonaws.com\"\n      }\n    }\n  ]\n}",
            "tags": {},
            "tags_all": {}
          },
          "sensitive_attributes": [],
          "private": "bnVsbA==",
          "dependencies": [
            "module.kms.data.aws_iam_policy_document.key-testtestsys-access-policy"
          ]
        }
      ]
    }
  ]
}
